
Microsoft Visual Studio Solution File, Format Version 12.00
# Visual Studio Version 17
VisualStudioVersion = 17.4.33110.190
MinimumVisualStudioVersion = 10.0.40219.1
Project("{FAE04EC0-301F-11D3-BF4B-00C04F79EFBC}") = "List", "List\List.csproj", "{1EA5F8A8-97A8-484B-8959-0FDB2AF9AF47}"
EndProject
Global
	GlobalSection(SolutionConfigurationPlatforms) = preSolution
		Debug|Any CPU = Debug|Any CPU
		Release|Any CPU = Release|Any CPU
	EndGlobalSection
	GlobalSection(ProjectConfigurationPlatforms) = postSolution
		{1EA5F8A8-97A8-484B-8959-0FDB2AF9AF47}.Debug|Any CPU.ActiveCfg = Debug|Any CPU
		{1EA5F8A8-97A8-484B-8959-0FDB2AF9AF47}.Debug|Any CPU.Build.0 = Debug|Any CPU
		{1EA5F8A8-97A8-484B-8959-0FDB2AF9AF47}.Release|Any CPU.ActiveCfg = Release|Any CPU
		{1EA5F8A8-97A8-484B-8959-0FDB2AF9AF47}.Release|Any CPU.Build.0 = Release|Any CPU
	EndGlobalSection
	GlobalSection(SolutionProperties) = preSolution
		HideSolutionNode = FALSE
	EndGlobalSection
	GlobalSection(ExtensibilityGlobals) = postSolution
		SolutionGuid = {175C2423-3D6A-4B1C-BAD6-F677E238B991}
	EndGlobalSection
EndGlobal
